
Microsoft Visual Studio Solution File, Format Version 12.00
# Visual Studio Version 17
VisualStudioVersion = 17.7.34202.233
MinimumVisualStudioVersion = 10.0.40219.1
Project("{9A19103F-16F7-4668-BE54-9A1E7A4F7556}") = "DataAccess", "DataAccess\DataAccess.csproj", "{E7816A09-E1F7-4164-93F4-A28B22060982}"
EndProject
Project("{9A19103F-16F7-4668-BE54-9A1E7A4F7556}") = "Business", "Business\Business.csproj", "{B4C98DE5-56F8-4E87-85FF-A2B1CEFC4837}"
EndProject
Project("{9A19103F-16F7-4668-BE54-9A1E7A4F7556}") = "Entities", "Entities\Entities.csproj", "{7EC204DB-5118-4B0F-B7F1-7D16F1627F20}"
EndProject
Project("{9A19103F-16F7-4668-BE54-9A1E7A4F7556}") = "ConsoleUI", "ConsoleUI\ConsoleUI.csproj", "{CBE83301-0A80-4776-B042-39F12F3BACFC}"
EndProject
Project("{9A19103F-16F7-4668-BE54-9A1E7A4F7556}") = "Core", "Core\Core.csproj", "{55E39D7D-9A12-4399-9B82-0BBA3EDD5D0E}"
EndProject
Project("{FAE04EC0-301F-11D3-BF4B-00C04F79EFBC}") = "WebAPI", "WebAPI\WebAPI.csproj", "{6D87DB23-5DB0-4BC3-96E6-43C3789A1CEA}"
EndProject
Global
	GlobalSection(SolutionConfigurationPlatforms) = preSolution
		Debug|Any CPU = Debug|Any CPU
		Release|Any CPU = Release|Any CPU
	EndGlobalSection
	GlobalSection(ProjectConfigurationPlatforms) = postSolution
		{E7816A09-E1F7-4164-93F4-A28B22060982}.Debug|Any CPU.ActiveCfg = Debug|Any CPU
		{E7816A09-E1F7-4164-93F4-A28B22060982}.Debug|Any CPU.Build.0 = Debug|Any CPU
		{E7816A09-E1F7-4164-93F4-A28B22060982}.Release|Any CPU.ActiveCfg = Release|Any CPU
		{E7816A09-E1F7-4164-93F4-A28B22060982}.Release|Any CPU.Build.0 = Release|Any CPU
		{B4C98DE5-56F8-4E87-85FF-A2B1CEFC4837}.Debug|Any CPU.ActiveCfg = Debug|Any CPU
		{B4C98DE5-56F8-4E87-85FF-A2B1CEFC4837}.Debug|Any CPU.Build.0 = Debug|Any CPU
		{B4C98DE5-56F8-4E87-85FF-A2B1CEFC4837}.Release|Any CPU.ActiveCfg = Release|Any CPU
		{B4C98DE5-56F8-4E87-85FF-A2B1CEFC4837}.Release|Any CPU.Build.0 = Release|Any CPU
		{7EC204DB-5118-4B0F-B7F1-7D16F1627F20}.Debug|Any CPU.ActiveCfg = Debug|Any CPU
		{7EC204DB-5118-4B0F-B7F1-7D16F1627F20}.Debug|Any CPU.Build.0 = Debug|Any CPU
		{7EC204DB-5118-4B0F-B7F1-7D16F1627F20}.Release|Any CPU.ActiveCfg = Release|Any CPU
		{7EC204DB-5118-4B0F-B7F1-7D16F1627F20}.Release|Any CPU.Build.0 = Release|Any CPU
		{CBE83301-0A80-4776-B042-39F12F3BACFC}.Debug|Any CPU.ActiveCfg = Debug|Any CPU
		{CBE83301-0A80-4776-B042-39F12F3BACFC}.Debug|Any CPU.Build.0 = Debug|Any CPU
		{CBE83301-0A80-4776-B042-39F12F3BACFC}.Release|Any CPU.ActiveCfg = Release|Any CPU
		{CBE83301-0A80-4776-B042-39F12F3BACFC}.Release|Any CPU.Build.0 = Release|Any CPU
		{55E39D7D-9A12-4399-9B82-0BBA3EDD5D0E}.Debug|Any CPU.ActiveCfg = Debug|Any CPU
		{55E39D7D-9A12-4399-9B82-0BBA3EDD5D0E}.Debug|Any CPU.Build.0 = Debug|Any CPU
		{55E39D7D-9A12-4399-9B82-0BBA3EDD5D0E}.Release|Any CPU.ActiveCfg = Release|Any CPU
		{55E39D7D-9A12-4399-9B82-0BBA3EDD5D0E}.Release|Any CPU.Build.0 = Release|Any CPU
		{6D87DB23-5DB0-4BC3-96E6-43C3789A1CEA}.Debug|Any CPU.ActiveCfg = Debug|Any CPU
		{6D87DB23-5DB0-4BC3-96E6-43C3789A1CEA}.Debug|Any CPU.Build.0 = Debug|Any CPU
		{6D87DB23-5DB0-4BC3-96E6-43C3789A1CEA}.Release|Any CPU.ActiveCfg = Release|Any CPU
		{6D87DB23-5DB0-4BC3-96E6-43C3789A1CEA}.Release|Any CPU.Build.0 = Release|Any CPU
	EndGlobalSection
	GlobalSection(SolutionProperties) = preSolution
		HideSolutionNode = FALSE
	EndGlobalSection
	GlobalSection(ExtensibilityGlobals) = postSolution
		SolutionGuid = {A2183AFA-09CB-4A4B-A5A3-8C9F1F6D0D20}
	EndGlobalSection
EndGlobal
